<Solution>
  <Project Path="ListSample001/ListSample001.csproj" />
  <Project Path="ListSample002/ListSample002.csproj" Id="56536664-8113-4fd9-a3e0-6becda1b1344" />
  <Project Path="ListSample003/ListSample003.csproj" Id="df0d779f-bf26-4ed9-9693-488029666e77" />
  <Project Path="ListSample004/ListSample004.csproj" Id="05d3c31a-274d-4ea2-ae42-c5b79d43edd6" />
</Solution>
